
Microsoft Visual Studio Solution File, Format Version 12.00
# Visual Studio Version 16
VisualStudioVersion = 16.0.35026.282
MinimumVisualStudioVersion = 10.0.40219.1
Project("{FAE04EC0-301F-11D3-BF4B-00C04F79EFBC}") = "TechConnect", "TechConnect.csproj", "{F6882C8D-C7C7-49B7-8F93-1DDB7F681994}"
EndProject
Project("{2150E333-8FDC-42A3-9474-1A3956D46DE8}") = "Solution Items", "Solution Items", "{5D5E4710-6C1C-41B4-BDC1-1939ED6C55BA}"
EndProject
Global
	GlobalSection(SolutionConfigurationPlatforms) = preSolution
		Debug|Any CPU = Debug|Any CPU
		Release|Any CPU = Release|Any CPU
	EndGlobalSection
	GlobalSection(ProjectConfigurationPlatforms) = postSolution
		{F6882C8D-C7C7-49B7-8F93-1DDB7F681994}.Debug|Any CPU.ActiveCfg = Debug|Any CPU
		{F6882C8D-C7C7-49B7-8F93-1DDB7F681994}.Debug|Any CPU.Build.0 = Debug|Any CPU
		{F6882C8D-C7C7-49B7-8F93-1DDB7F681994}.Release|Any CPU.ActiveCfg = Release|Any CPU
		{F6882C8D-C7C7-49B7-8F93-1DDB7F681994}.Release|Any CPU.Build.0 = Release|Any CPU
	EndGlobalSection
	GlobalSection(SolutionProperties) = preSolution
		HideSolutionNode = FALSE
	EndGlobalSection
	GlobalSection(ExtensibilityGlobals) = postSolution
		SolutionGuid = {26F753AD-C3DB-44FE-B837-FD69D72B1B89}
	EndGlobalSection
EndGlobal
